<Solution>
  <Folder Name="/ci/">
    <File Path=".github/dependabot.yml" />
    <File Path=".github/workflows/dotnet.yml" />
  </Folder>
  <Folder Name="/root/">
    <File Path=".editorconfig" />
    <File Path=".gitattributes" />
    <File Path=".gitignore" />
    <File Path=".pre-commit-config.yaml" />
    <File Path="bench.ps1" />
    <File Path="codecov.yml" />
    <File Path="CODE_OF_CONDUCT.md" />
    <File Path="comparison-bench.ps1" />
    <File Path="CONTRIBUTING.md" />
    <File Path="disasm-tester.ps1" />
    <File Path="global.json" />
    <File Path="Icon.png" />
    <File Path="LICENSE" />
    <File Path="nuget.config" />
    <File Path="pack.ps1" />
    <File Path="prettier.ps1" />
    <File Path="publish-tester.ps1" />
    <File Path="README.md" />
    <File Path="rename.ps1" />
    <File Path="SECURITY.md" />
    <File Path="test.ps1" />
    <File Path="validate-codecov.ps1" />
  </Folder>
  <Folder Name="/src/">
    <File Path="src/Directory.Build.props" />
    <File Path="src/Directory.Build.targets" />
  </Folder>
  <Project Path="src/OnnxRuntimeSharp.Profiler/OnnxRuntimeSharp.Profiler.csproj" />
  <Project Path="src/OnnxRuntimeSharp.Test/OnnxRuntimeSharp.Test.csproj" />
  <Project Path="src/OnnxRuntimeSharp/OnnxRuntimeSharp.csproj" />
</Solution>
